
Microsoft Visual Studio Solution File, Format Version 12.00
# Visual Studio Version 16
VisualStudioVersion = 16.0.33130.400
MinimumVisualStudioVersion = 10.0.40219.1
Project("{9A19103F-16F7-4668-BE54-9A1E7A4F7556}") = "TrainistarASPNET", "TrainistarASPNET\TrainistarASPNET.csproj", "{805293D9-36C2-4BBB-8AA4-C98F75CD45A3}"
EndProject
Global
	GlobalSection(SolutionConfigurationPlatforms) = preSolution
		Debug|Any CPU = Debug|Any CPU
		Release|Any CPU = Release|Any CPU
	EndGlobalSection
	GlobalSection(ProjectConfigurationPlatforms) = postSolution
		{805293D9-36C2-4BBB-8AA4-C98F75CD45A3}.Debug|Any CPU.ActiveCfg = Debug|Any CPU
		{805293D9-36C2-4BBB-8AA4-C98F75CD45A3}.Debug|Any CPU.Build.0 = Debug|Any CPU
		{805293D9-36C2-4BBB-8AA4-C98F75CD45A3}.Release|Any CPU.ActiveCfg = Release|Any CPU
		{805293D9-36C2-4BBB-8AA4-C98F75CD45A3}.Release|Any CPU.Build.0 = Release|Any CPU
	EndGlobalSection
	GlobalSection(SolutionProperties) = preSolution
		HideSolutionNode = FALSE
	EndGlobalSection
	GlobalSection(ExtensibilityGlobals) = postSolution
		SolutionGuid = {AB24DE5C-29E5-4CC3-9892-401956BA0E7B}
	EndGlobalSection
EndGlobal
